{
  "lockfileVersion": 1,
  "configVersion": 1,
  "workspaces": {
    "": {
      "name": "pi-agents",
      "dependencies": {
        "@earendil-works/pi-tui": "^0.76.0",
        "jiti": "^2.7.0",
        "typebox": "^1.1.39",
      },
    },
  },
  "packages": {
    "@earendil-works/pi-tui": ["@earendil-works/pi-tui@0.76.0", "", { "dependencies": { "get-east-asian-width": "1.6.0", "marked": "15.0.12" } }, "sha512-TWQEWqc38gVRYr/VTrlfePQPpJk938gNNLL1xuv0M+9cTkVr880/Q3baZQrxKoLrmN/MmVx7TyR8knYZGxTqqg=="],

    "get-east-asian-width": ["get-east-asian-width@1.6.0", "", {}, "sha512-QRbvDIbx6YklUe6RxeTeleMR0yv3cYH6PsPZHcnVn7xv7zO1BHN8r0XETu8n6Ye3Q+ahtSarc3WgtNWmehIBfA=="],

    "jiti": ["jiti@2.7.0", "", { "bin": { "jiti": "lib/jiti-cli.mjs" } }, "sha512-AC/7JofJvZGrrneWNaEnJeOLUx+JlGt7tNa0wZiRPT4MY1wmfKjt2+6O2p2uz2+skll8OZZmJMNqeke7kKbNgQ=="],

    "marked": ["marked@15.0.12", "", { "bin": { "marked": "bin/marked.js" } }, "sha512-8dD6FusOQSrpv9Z1rdNMdlSgQOIP880DHqnohobOmYLElGEqAL/JvxvuxZO16r4HtjTlfPRDC1hbvxC9dPN2nA=="],

    "typebox": ["typebox@1.1.39", "", {}, "sha512-vj0afVtOfLQvv0GR0VxVagYxsXN64btL7Z9XoaG0ZggH3mruMMkOO6hXdgMsjCY3shZgEvooAWVeznQVs5c43w=="],
  }
}
